// !$*UTF8*$!
{
	archiveVersion = 1;
	classes = {
	};
	objectVersion = 50;
	objects = {

/* Begin PBXBuildFile section */
		A5093A6B21B1DF3A0041148D /* FloatingTF.swift in Sources */ = {isa = PBXBuildFile; fileRef = A5093A6A21B1DF3A0041148D /* FloatingTF.swift */; };
		A551CB2E21B7465500FFDB56 /* SignInViewController.swift in Sources */ = {isa = PBXBuildFile; fileRef = A551CB2D21B7465500FFDB56 /* SignInViewController.swift */; };
		A591FF0021B5A83600AF6EAC /* SignUpViewController.swift in Sources */ = {isa = PBXBuildFile; fileRef = A591FEFF21B5A83600AF6EAC /* SignUpViewController.swift */; };
		A5B23FBE21B1CF2700F7A064 /* AppDelegate.swift in Sources */ = {isa = PBXBuildFile; fileRef = A5B23FBD21B1CF2700F7A064 /* AppDelegate.swift */; };
		A5B23FC021B1CF2700F7A064 /* ViewController.swift in Sources */ = {isa = PBXBuildFile; fileRef = A5B23FBF21B1CF2700F7A064 /* ViewController.swift */; };
		A5B23FC321B1CF2700F7A064 /* Main.storyboard in Resources */ = {isa = PBXBuildFile; fileRef = A5B23FC121B1CF2700F7A064 /* Main.storyboard */; };
		A5B23FC521B1CF2900F7A064 /* Assets.xcassets in Resources */ = {isa = PBXBuildFile; fileRef = A5B23FC421B1CF2900F7A064 /* Assets.xcassets */; };
		A5B23FC821B1CF2900F7A064 /* LaunchScreen.storyboard in Resources */ = {isa = PBXBuildFile; fileRef = A5B23FC621B1CF2900F7A064 /* LaunchScreen.storyboard */; };
		A5B23FD321B1CF2900F7A064 /* ParkoPoloTests.swift in Sources */ = {isa = PBXBuildFile; fileRef = A5B23FD221B1CF2900F7A064 /* ParkoPoloTests.swift */; };
		A5B23FDE21B1CF2900F7A064 /* ParkoPoloUITests.swift in Sources */ = {isa = PBXBuildFile; fileRef = A5B23FDD21B1CF2900F7A064 /* ParkoPoloUITests.swift */; };
		A5CF05DB21B73C720058C102 /* GoogleService-Info.plist in Resources */ = {isa = PBXBuildFile; fileRef = A5CF05DA21B73C720058C102 /* GoogleService-Info.plist */; };
		A5CF05DD21B73DDC0058C102 /* Loading.swift in Sources */ = {isa = PBXBuildFile; fileRef = A5CF05DC21B73DDC0058C102 /* Loading.swift */; };
		BDC51413781E81C6A4AF56A2 /* Pods_ParkoPolo.framework in Frameworks */ = {isa = PBXBuildFile; fileRef = 9C4DE4A976E3C0C0203E4284 /* Pods_ParkoPolo.framework */; };
/* End PBXBuildFile section */

/* Begin PBXContainerItemProxy section */
		A5B23FCF21B1CF2900F7A064 /* PBXContainerItemProxy */ = {
			isa = PBXContainerItemProxy;
			containerPortal = A5B23FB221B1CF2700F7A064 /* Project object */;
			proxyType = 1;
			remoteGlobalIDString = A5B23FB921B1CF2700F7A064;
			remoteInfo = ParkoPolo;
		};
		A5B23FDA21B1CF2900F7A064 /* PBXContainerItemProxy */ = {
			isa = PBXContainerItemProxy;
			containerPortal = A5B23FB221B1CF2700F7A064 /* Project object */;
			proxyType = 1;
			remoteGlobalIDString = A5B23FB921B1CF2700F7A064;
			remoteInfo = ParkoPolo;
		};
/* End PBXContainerItemProxy section */

/* Begin PBXFileReference section */
		571E4AC921BCF2C63DCD8386 /* Pods-ParkoPolo.debug.xcconfig */ = {isa = PBXFileReference; includeInIndex = 1; lastKnownFileType = text.xcconfig; name = "Pods-ParkoPolo.debug.xcconfig"; path = "Pods/Target Support Files/Pods-ParkoPolo/Pods-ParkoPolo.debug.xcconfig"; sourceTree = "<group>"; };
		9C4DE4A976E3C0C0203E4284 /* Pods_ParkoPolo.framework */ = {isa = PBXFileReference; explicitFileType = wrapper.framework; includeInIndex = 0; path = Pods_ParkoPolo.framework; sourceTree = BUILT_PRODUCTS_DIR; };
		A5093A6221B1D6260041148D /* JVFloatLabeledTextField.framework */ = {isa = PBXFileReference; explicitFileType = wrapper.framework; path = JVFloatLabeledTextField.framework; sourceTree = BUILT_PRODUCTS_DIR; };
		A5093A6A21B1DF3A0041148D /* FloatingTF.swift */ = {isa = PBXFileReference; lastKnownFileType = sourcecode.swift; path = FloatingTF.swift; sourceTree = "<group>"; };
		A5093A6D21B1E2E80041148D /* Montserrat-Bold.otf */ = {isa = PBXFileReference; lastKnownFileType = file; path = "Montserrat-Bold.otf"; sourceTree = "<group>"; };
		A5093A6E21B1E2E80041148D /* Montserrat-Regular.otf */ = {isa = PBXFileReference; lastKnownFileType = file; path = "Montserrat-Regular.otf"; sourceTree = "<group>"; };
		A5093A6F21B1E2E80041148D /* Montserrat-Light.otf */ = {isa = PBXFileReference; lastKnownFileType = file; path = "Montserrat-Light.otf"; sourceTree = "<group>"; };
		A551CB2D21B7465500FFDB56 /* SignInViewController.swift */ = {isa = PBXFileReference; lastKnownFileType = sourcecode.swift; path = SignInViewController.swift; sourceTree = "<group>"; };
		A591FEFF21B5A83600AF6EAC /* SignUpViewController.swift */ = {isa = PBXFileReference; lastKnownFileType = sourcecode.swift; path = SignUpViewController.swift; sourceTree = "<group>"; };
		A5B23FBA21B1CF2700F7A064 /* ParkoPolo.app */ = {isa = PBXFileReference; explicitFileType = wrapper.application; includeInIndex = 0; path = ParkoPolo.app; sourceTree = BUILT_PRODUCTS_DIR; };
		A5B23FBD21B1CF2700F7A064 /* AppDelegate.swift */ = {isa = PBXFileReference; lastKnownFileType = sourcecode.swift; path = AppDelegate.swift; sourceTree = "<group>"; };
		A5B23FBF21B1CF2700F7A064 /* ViewController.swift */ = {isa = PBXFileReference; lastKnownFileType = sourcecode.swift; path = ViewController.swift; sourceTree = "<group>"; };
		A5B23FC221B1CF2700F7A064 /* Base */ = {isa = PBXFileReference; lastKnownFileType = file.storyboard; name = Base; path = Base.lproj/Main.storyboard; sourceTree = "<group>"; };
		A5B23FC421B1CF2900F7A064 /* Assets.xcassets */ = {isa = PBXFileReference; lastKnownFileType = folder.assetcatalog; path = Assets.xcassets; sourceTree = "<group>"; };
		A5B23FC721B1CF2900F7A064 /* Base */ = {isa = PBXFileReference; lastKnownFileType = file.storyboard; name = Base; path = Base.lproj/LaunchScreen.storyboard; sourceTree = "<group>"; };
		A5B23FC921B1CF2900F7A064 /* Info.plist */ = {isa = PBXFileReference; lastKnownFileType = text.plist.xml; path = Info.plist; sourceTree = "<group>"; };
		A5B23FCE21B1CF2900F7A064 /* ParkoPoloTests.xctest */ = {isa = PBXFileReference; explicitFileType = wrapper.cfbundle; includeInIndex = 0; path = ParkoPoloTests.xctest; sourceTree = BUILT_PRODUCTS_DIR; };
		A5B23FD221B1CF2900F7A064 /* ParkoPoloTests.swift */ = {isa = PBXFileReference; lastKnownFileType = sourcecode.swift; path = ParkoPoloTests.swift; sourceTree = "<group>"; };
		A5B23FD421B1CF2900F7A064 /* Info.plist */ = {isa = PBXFileReference; lastKnownFileType = text.plist.xml; path = Info.plist; sourceTree = "<group>"; };
		A5B23FD921B1CF2900F7A064 /* ParkoPoloUITests.xctest */ = {isa = PBXFileReference; explicitFileType = wrapper.cfbundle; includeInIndex = 0; path = ParkoPoloUITests.xctest; sourceTree = BUILT_PRODUCTS_DIR; };
		A5B23FDD21B1CF2900F7A064 /* ParkoPoloUITests.swift */ = {isa = PBXFileReference; lastKnownFileType = sourcecode.swift; path = ParkoPoloUITests.swift; sourceTree = "<group>"; };
		A5B23FDF21B1CF2900F7A064 /* Info.plist */ = {isa = PBXFileReference; lastKnownFileType = text.plist.xml; path = Info.plist; sourceTree = "<group>"; };
		A5CF05DA21B73C720058C102 /* GoogleService-Info.plist */ = {isa = PBXFileReference; fileEncoding = 4; lastKnownFileType = text.plist.xml; path = "GoogleService-Info.plist"; sourceTree = "<group>"; };
		A5CF05DC21B73DDC0058C102 /* Loading.swift */ = {isa = PBXFileReference; lastKnownFileType = sourcecode.swift; path = Loading.swift; sourceTree = "<group>"; };
		E8C9E79F8E270B593C293F8D /* Pods-ParkoPolo.release.xcconfig */ = {isa = PBXFileReference; includeInIndex = 1; lastKnownFileType = text.xcconfig; name = "Pods-ParkoPolo.release.xcconfig"; path = "Pods/Target Support Files/Pods-ParkoPolo/Pods-ParkoPolo.release.xcconfig"; sourceTree = "<group>"; };
/* End PBXFileReference section */

/* Begin PBXFrameworksBuildPhase section */
		A5B23FB721B1CF2700F7A064 /* Frameworks */ = {
			isa = PBXFrameworksBuildPhase;
			buildActionMask = 2147483647;
			files = (
				BDC51413781E81C6A4AF56A2 /* Pods_ParkoPolo.framework in Frameworks */,
			);
			runOnlyForDeploymentPostprocessing = 0;
		};
		A5B23FCB21B1CF2900F7A064 /* Frameworks */ = {
			isa = PBXFrameworksBuildPhase;
			buildActionMask = 2147483647;
			files = (
			);
			runOnlyForDeploymentPostprocessing = 0;
		};
		A5B23FD621B1CF2900F7A064 /* Frameworks */ = {
			isa = PBXFrameworksBuildPhase;
			buildActionMask = 2147483647;
			files = (
			);
			runOnlyForDeploymentPostprocessing = 0;
		};
/* End PBXFrameworksBuildPhase section */

/* Begin PBXGroup section */
		850AF59A089D0A14D81FDA1C /* Pods */ = {
			isa = PBXGroup;
			children = (
				571E4AC921BCF2C63DCD8386 /* Pods-ParkoPolo.debug.xcconfig */,
				E8C9E79F8E270B593C293F8D /* Pods-ParkoPolo.release.xcconfig */,
			);
			name = Pods;
			sourceTree = "<group>";
		};
		A5093A6C21B1E2CC0041148D /* Font */ = {
			isa = PBXGroup;
			children = (
				A5093A6D21B1E2E80041148D /* Montserrat-Bold.otf */,
				A5093A6F21B1E2E80041148D /* Montserrat-Light.otf */,
				A5093A6E21B1E2E80041148D /* Montserrat-Regular.otf */,
			);
			path = Font;
			sourceTree = "<group>";
		};
		A54BBD9421B73316003991EA /* View */ = {
			isa = PBXGroup;
			children = (
				A5B23FBF21B1CF2700F7A064 /* ViewController.swift */,
				A591FEFF21B5A83600AF6EAC /* SignUpViewController.swift */,
				A551CB2D21B7465500FFDB56 /* SignInViewController.swift */,
			);
			path = View;
			sourceTree = "<group>";
		};
		A54BBD9521B7331B003991EA /* Model */ = {
			isa = PBXGroup;
			children = (
			);
			path = Model;
			sourceTree = "<group>";
		};
		A54BBD9721B7332D003991EA /* Classes */ = {
			isa = PBXGroup;
			children = (
				A5093A6A21B1DF3A0041148D /* FloatingTF.swift */,
				A5CF05DC21B73DDC0058C102 /* Loading.swift */,
			);
			path = Classes;
			sourceTree = "<group>";
		};
		A54BBD9821B7333B003991EA /* Storyboard */ = {
			isa = PBXGroup;
			children = (
				A5B23FC121B1CF2700F7A064 /* Main.storyboard */,
			);
			path = Storyboard;
			sourceTree = "<group>";
		};
		A5B23FB121B1CF2700F7A064 = {
			isa = PBXGroup;
			children = (
				A5B23FBC21B1CF2700F7A064 /* ParkoPolo */,
				A5B23FD121B1CF2900F7A064 /* ParkoPoloTests */,
				A5B23FDC21B1CF2900F7A064 /* ParkoPoloUITests */,
				A5B23FBB21B1CF2700F7A064 /* Products */,
				850AF59A089D0A14D81FDA1C /* Pods */,
				EFBF73320847764FA2656CE7 /* Frameworks */,
			);
			sourceTree = "<group>";
		};
		A5B23FBB21B1CF2700F7A064 /* Products */ = {
			isa = PBXGroup;
			children = (
				A5B23FBA21B1CF2700F7A064 /* ParkoPolo.app */,
				A5B23FCE21B1CF2900F7A064 /* ParkoPoloTests.xctest */,
				A5B23FD921B1CF2900F7A064 /* ParkoPoloUITests.xctest */,
			);
			name = Products;
			sourceTree = "<group>";
		};
		A5B23FBC21B1CF2700F7A064 /* ParkoPolo */ = {
			isa = PBXGroup;
			children = (
				A5CF05DA21B73C720058C102 /* GoogleService-Info.plist */,
				A54BBD9821B7333B003991EA /* Storyboard */,
				A54BBD9721B7332D003991EA /* Classes */,
				A54BBD9521B7331B003991EA /* Model */,
				A54BBD9421B73316003991EA /* View */,
				A5093A6C21B1E2CC0041148D /* Font */,
				A5B23FBD21B1CF2700F7A064 /* AppDelegate.swift */,
				A5B23FC421B1CF2900F7A064 /* Assets.xcassets */,
				A5B23FC621B1CF2900F7A064 /* LaunchScreen.storyboard */,
				A5B23FC921B1CF2900F7A064 /* Info.plist */,
			);
			path = ParkoPolo;
			sourceTree = "<group>";
		};
		A5B23FD121B1CF2900F7A064 /* ParkoPoloTests */ = {
			isa = PBXGroup;
			children = (
				A5B23FD221B1CF2900F7A064 /* ParkoPoloTests.swift */,
				A5B23FD421B1CF2900F7A064 /* Info.plist */,
			);
			path = ParkoPoloTests;
			sourceTree = "<group>";
		};
		A5B23FDC21B1CF2900F7A064 /* ParkoPoloUITests */ = {
			isa = PBXGroup;
			children = (
				A5B23FDD21B1CF2900F7A064 /* ParkoPoloUITests.swift */,
				A5B23FDF21B1CF2900F7A064 /* Info.plist */,
			);
			path = ParkoPoloUITests;
			sourceTree = "<group>";
		};
		EFBF73320847764FA2656CE7 /* Frameworks */ = {
			isa = PBXGroup;
			children = (
				A5093A6221B1D6260041148D /* JVFloatLabeledTextField.framework */,
				9C4DE4A976E3C0C0203E4284 /* Pods_ParkoPolo.framework */,
			);
			name = Frameworks;
			sourceTree = "<group>";
		};
/* End PBXGroup section */

/* Begin PBXNativeTarget section */
		A5B23FB921B1CF2700F7A064 /* ParkoPolo */ = {
			isa = PBXNativeTarget;
			buildConfigurationList = A5B23FE221B1CF2900F7A064 /* Build configuration list for PBXNativeTarget "ParkoPolo" */;
			buildPhases = (
				87DE6C3B63563CD6895B93B8 /* [CP] Check Pods Manifest.lock */,
				A5B23FB621B1CF2700F7A064 /* Sources */,
				A5B23FB721B1CF2700F7A064 /* Frameworks */,
				A5B23FB821B1CF2700F7A064 /* Resources */,
				8801ECC0816326C00964D362 /* [CP] Embed Pods Frameworks */,
			);
			buildRules = (
			);
			dependencies = (
			);
			name = ParkoPolo;
			productName = ParkoPolo;
			productReference = A5B23FBA21B1CF2700F7A064 /* ParkoPolo.app */;
			productType = "com.apple.product-type.application";
		};
		A5B23FCD21B1CF2900F7A064 /* ParkoPoloTests */ = {
			isa = PBXNativeTarget;
			buildConfigurationList = A5B23FE521B1CF2900F7A064 /* Build configuration list for PBXNativeTarget "ParkoPoloTests" */;
			buildPhases = (
				A5B23FCA21B1CF2900F7A064 /* Sources */,
				A5B23FCB21B1CF2900F7A064 /* Frameworks */,
				A5B23FCC21B1CF2900F7A064 /* Resources */,
			);
			buildRules = (
			);
			dependencies = (
				A5B23FD021B1CF2900F7A064 /* PBXTargetDependency */,
			);
			name = ParkoPoloTests;
			productName = ParkoPoloTests;
			productReference = A5B23FCE21B1CF2900F7A064 /* ParkoPoloTests.xctest */;
			productType = "com.apple.product-type.bundle.unit-test";
		};
		A5B23FD821B1CF2900F7A064 /* ParkoPoloUITests */ = {
			isa = PBXNativeTarget;
			buildConfigurationList = A5B23FE821B1CF2900F7A064 /* Build configuration list for PBXNativeTarget "ParkoPoloUITests" */;
			buildPhases = (
				A5B23FD521B1CF2900F7A064 /* Sources */,
				A5B23FD621B1CF2900F7A064 /* Frameworks */,
				A5B23FD721B1CF2900F7A064 /* Resources */,
			);
			buildRules = (
			);
			dependencies = (
				A5B23FDB21B1CF2900F7A064 /* PBXTargetDependency */,
			);
			name = ParkoPoloUITests;
			productName = ParkoPoloUITests;
			productReference = A5B23FD921B1CF2900F7A064 /* ParkoPoloUITests.xctest */;
			productType = "com.apple.product-type.bundle.ui-testing";
		};
/* End PBXNativeTarget section */

/* Begin PBXProject section */
		A5B23FB221B1CF2700F7A064 /* Project object */ = {
			isa = PBXProject;
			attributes = {
				LastSwiftUpdateCheck = 0930;
				LastUpgradeCheck = 0930;
				ORGANIZATIONNAME = "Johnley Delgado";
				TargetAttributes = {
					A5B23FB921B1CF2700F7A064 = {
						CreatedOnToolsVersion = 9.3;
					};
					A5B23FCD21B1CF2900F7A064 = {
						CreatedOnToolsVersion = 9.3;
						TestTargetID = A5B23FB921B1CF2700F7A064;
					};
					A5B23FD821B1CF2900F7A064 = {
						CreatedOnToolsVersion = 9.3;
						TestTargetID = A5B23FB921B1CF2700F7A064;
					};
				};
			};
			buildConfigurationList = A5B23FB521B1CF2700F7A064 /* Build configuration list for PBXProject "ParkoPolo" */;
			compatibilityVersion = "Xcode 9.3";
			developmentRegion = en;
			hasScannedForEncodings = 0;
			knownRegions = (
				en,
				Base,
			);
			mainGroup = A5B23FB121B1CF2700F7A064;
			productRefGroup = A5B23FBB21B1CF2700F7A064 /* Products */;
			projectDirPath = "";
			projectRoot = "";
			targets = (
				A5B23FB921B1CF2700F7A064 /* ParkoPolo */,
				A5B23FCD21B1CF2900F7A064 /* ParkoPoloTests */,
				A5B23FD821B1CF2900F7A064 /* ParkoPoloUITests */,
			);
		};
/* End PBXProject section */

/* Begin PBXResourcesBuildPhase section */
		A5B23FB821B1CF2700F7A064 /* Resources */ = {
			isa = PBXResourcesBuildPhase;
			buildActionMask = 2147483647;
			files = (
				A5B23FC821B1CF2900F7A064 /* LaunchScreen.storyboard in Resources */,
				A5CF05DB21B73C720058C102 /* GoogleService-Info.plist in Resources */,
				A5B23FC521B1CF2900F7A064 /* Assets.xcassets in Resources */,
				A5B23FC321B1CF2700F7A064 /* Main.storyboard in Resources */,
			);
			runOnlyForDeploymentPostprocessing = 0;
		};
		A5B23FCC21B1CF2900F7A064 /* Resources */ = {
			isa = PBXResourcesBuildPhase;
			buildActionMask = 2147483647;
			files = (
			);
			runOnlyForDeploymentPostprocessing = 0;
		};
		A5B23FD721B1CF2900F7A064 /* Resources */ = {
			isa = PBXResourcesBuildPhase;
			buildActionMask = 2147483647;
			files = (
			);
			runOnlyForDeploymentPostprocessing = 0;
		};
/* End PBXResourcesBuildPhase section */

/* Begin PBXShellScriptBuildPhase section */
		87DE6C3B63563CD6895B93B8 /* [CP] Check Pods Manifest.lock */ = {
			isa = PBXShellScriptBuildPhase;
			buildActionMask = 2147483647;
			files = (
			);
			inputPaths = (
				"${PODS_PODFILE_DIR_PATH}/Podfile.lock",
				"${PODS_ROOT}/Manifest.lock",
			);
			name = "[CP] Check Pods Manifest.lock";
			outputPaths = (
				"$(DERIVED_FILE_DIR)/Pods-ParkoPolo-checkManifestLockResult.txt",
			);
			runOnlyForDeploymentPostprocessing = 0;
			shellPath = /bin/sh;
			shellScript = "diff \"${PODS_PODFILE_DIR_PATH}/Podfile.lock\" \"${PODS_ROOT}/Manifest.lock\" > /dev/null\nif [ $? != 0 ] ; then\n    # print error to STDERR\n    echo \"error: The sandbox is not in sync with the Podfile.lock. Run 'pod install' or update your CocoaPods installation.\" >&2\n    exit 1\nfi\n# This output is used by Xcode 'outputs' to avoid re-running this script phase.\necho \"SUCCESS\" > \"${SCRIPT_OUTPUT_FILE_0}\"\n";
			showEnvVarsInLog = 0;
		};
		8801ECC0816326C00964D362 /* [CP] Embed Pods Frameworks */ = {
			isa = PBXShellScriptBuildPhase;
			buildActionMask = 2147483647;
			files = (
			);
			inputPaths = (
				"${SRCROOT}/Pods/Target Support Files/Pods-ParkoPolo/Pods-ParkoPolo-frameworks.sh",
				"${BUILT_PRODUCTS_DIR}/GTMSessionFetcher/GTMSessionFetcher.framework",
				"${BUILT_PRODUCTS_DIR}/GoogleUtilities/GoogleUtilities.framework",
				"${BUILT_PRODUCTS_DIR}/MBProgressHUD/MBProgressHUD.framework",
				"${BUILT_PRODUCTS_DIR}/leveldb-library/leveldb.framework",
				"${BUILT_PRODUCTS_DIR}/nanopb/nanopb.framework",
			);
			name = "[CP] Embed Pods Frameworks";
			outputPaths = (
				"${TARGET_BUILD_DIR}/${FRAMEWORKS_FOLDER_PATH}/GTMSessionFetcher.framework",
				"${TARGET_BUILD_DIR}/${FRAMEWORKS_FOLDER_PATH}/GoogleUtilities.framework",
				"${TARGET_BUILD_DIR}/${FRAMEWORKS_FOLDER_PATH}/MBProgressHUD.framework",
				"${TARGET_BUILD_DIR}/${FRAMEWORKS_FOLDER_PATH}/leveldb.framework",
				"${TARGET_BUILD_DIR}/${FRAMEWORKS_FOLDER_PATH}/nanopb.framework",
			);
			runOnlyForDeploymentPostprocessing = 0;
			shellPath = /bin/sh;
			shellScript = "\"${SRCROOT}/Pods/Target Support Files/Pods-ParkoPolo/Pods-ParkoPolo-frameworks.sh\"\n";
			showEnvVarsInLog = 0;
		};
/* End PBXShellScriptBuildPhase section */

/* Begin PBXSourcesBuildPhase section */
		A5B23FB621B1CF2700F7A064 /* Sources */ = {
			isa = PBXSourcesBuildPhase;
			buildActionMask = 2147483647;
			files = (
				A5093A6B21B1DF3A0041148D /* FloatingTF.swift in Sources */,
				A5B23FC021B1CF2700F7A064 /* ViewController.swift in Sources */,
				A551CB2E21B7465500FFDB56 /* SignInViewController.swift in Sources */,
				A5CF05DD21B73DDC0058C102 /* Loading.swift in Sources */,
				A591FF0021B5A83600AF6EAC /* SignUpViewController.swift in Sources */,
				A5B23FBE21B1CF2700F7A064 /* AppDelegate.swift in Sources */,
			);
			runOnlyForDeploymentPostprocessing = 0;
		};
		A5B23FCA21B1CF2900F7A064 /* Sources */ = {
			isa = PBXSourcesBuildPhase;
			buildActionMask = 2147483647;
			files = (
				A5B23FD321B1CF2900F7A064 /* ParkoPoloTests.swift in Sources */,
			);
			runOnlyForDeploymentPostprocessing = 0;
		};
		A5B23FD521B1CF2900F7A064 /* Sources */ = {
			isa = PBXSourcesBuildPhase;
			buildActionMask = 2147483647;
			files = (
				A5B23FDE21B1CF2900F7A064 /* ParkoPoloUITests.swift in Sources */,
			);
			runOnlyForDeploymentPostprocessing = 0;
		};
/* End PBXSourcesBuildPhase section */

/* Begin PBXTargetDependency section */
		A5B23FD021B1CF2900F7A064 /* PBXTargetDependency */ = {
			isa = PBXTargetDependency;
			target = A5B23FB921B1CF2700F7A064 /* ParkoPolo */;
			targetProxy = A5B23FCF21B1CF2900F7A064 /* PBXContainerItemProxy */;
		};
		A5B23FDB21B1CF2900F7A064 /* PBXTargetDependency */ = {
			isa = PBXTargetDependency;
			target = A5B23FB921B1CF2700F7A064 /* ParkoPolo */;
			targetProxy = A5B23FDA21B1CF2900F7A064 /* PBXContainerItemProxy */;
		};
/* End PBXTargetDependency section */

/* Begin PBXVariantGroup section */
		A5B23FC121B1CF2700F7A064 /* Main.storyboard */ = {
			isa = PBXVariantGroup;
			children = (
				A5B23FC221B1CF2700F7A064 /* Base */,
			);
			name = Main.storyboard;
			sourceTree = "<group>";
		};
		A5B23FC621B1CF2900F7A064 /* LaunchScreen.storyboard */ = {
			isa = PBXVariantGroup;
			children = (
				A5B23FC721B1CF2900F7A064 /* Base */,
			);
			name = LaunchScreen.storyboard;
			sourceTree = "<group>";
		};
/* End PBXVariantGroup section */

/* Begin XCBuildConfiguration section */
		A5B23FE021B1CF2900F7A064 /* Debug */ = {
			isa = XCBuildConfiguration;
			buildSettings = {
				ALWAYS_SEARCH_USER_PATHS = NO;
				CLANG_ANALYZER_NONNULL = YES;
				CLANG_ANALYZER_NUMBER_OBJECT_CONVERSION = YES_AGGRESSIVE;
				CLANG_CXX_LANGUAGE_STANDARD = "gnu++14";
				CLANG_CXX_LIBRARY = "libc++";
				CLANG_ENABLE_MODULES = YES;
				CLANG_ENABLE_OBJC_ARC = YES;
				CLANG_ENABLE_OBJC_WEAK = YES;
				CLANG_WARN_BLOCK_CAPTURE_AUTORELEASING = YES;
				CLANG_WARN_BOOL_CONVERSION = YES;
				CLANG_WARN_COMMA = YES;
				CLANG_WARN_CONSTANT_CONVERSION = YES;
				CLANG_WARN_DEPRECATED_OBJC_IMPLEMENTATIONS = YES;
				CLANG_WARN_DIRECT_OBJC_ISA_USAGE = YES_ERROR;
				CLANG_WARN_DOCUMENTATION_COMMENTS = YES;
				CLANG_WARN_EMPTY_BODY = YES;
				CLANG_WARN_ENUM_CONVERSION = YES;
				CLANG_WARN_INFINITE_RECURSION = YES;
				CLANG_WARN_INT_CONVERSION = YES;
				CLANG_WARN_NON_LITERAL_NULL_CONVERSION = YES;
				CLANG_WARN_OBJC_IMPLICIT_RETAIN_SELF = YES;
				CLANG_WARN_OBJC_LITERAL_CONVERSION = YES;
				CLANG_WARN_OBJC_ROOT_CLASS = YES_ERROR;
				CLANG_WARN_RANGE_LOOP_ANALYSIS = YES;
				CLANG_WARN_STRICT_PROTOTYPES = YES;
				CLANG_WARN_SUSPICIOUS_MOVE = YES;
				CLANG_WARN_UNGUARDED_AVAILABILITY = YES_AGGRESSIVE;
				CLANG_WARN_UNREACHABLE_CODE = YES;
				CLANG_WARN__DUPLICATE_METHOD_MATCH = YES;
				CODE_SIGN_IDENTITY = "iPhone Developer";
				COPY_PHASE_STRIP = NO;
				DEBUG_INFORMATION_FORMAT = dwarf;
				ENABLE_STRICT_OBJC_MSGSEND = YES;
				ENABLE_TESTABILITY = YES;
				GCC_C_LANGUAGE_STANDARD = gnu11;
				GCC_DYNAMIC_NO_PIC = NO;
				GCC_NO_COMMON_BLOCKS = YES;
				GCC_OPTIMIZATION_LEVEL = 0;
				GCC_PREPROCESSOR_DEFINITIONS = (
					"DEBUG=1",
					"$(inherited)",
				);
				GCC_WARN_64_TO_32_BIT_CONVERSION = YES;
				GCC_WARN_ABOUT_RETURN_TYPE = YES_ERROR;
				GCC_WARN_UNDECLARED_SELECTOR = YES;
				GCC_WARN_UNINITIALIZED_AUTOS = YES_AGGRESSIVE;
				GCC_WARN_UNUSED_FUNCTION = YES;
				GCC_WARN_UNUSED_VARIABLE = YES;
				IPHONEOS_DEPLOYMENT_TARGET = 11.3;
				MTL_ENABLE_DEBUG_INFO = YES;
				ONLY_ACTIVE_ARCH = YES;
				SDKROOT = iphoneos;
				SWIFT_ACTIVE_COMPILATION_CONDITIONS = DEBUG;
				SWIFT_OPTIMIZATION_LEVEL = "-Onone";
			};
			name = Debug;
		};
		A5B23FE121B1CF2900F7A064 /* Release */ = {
			isa = XCBuildConfiguration;
			buildSettings = {
				ALWAYS_SEARCH_USER_PATHS = NO;
				CLANG_ANALYZER_NONNULL = YES;
				CLANG_ANALYZER_NUMBER_OBJECT_CONVERSION = YES_AGGRESSIVE;
				CLANG_CXX_LANGUAGE_STANDARD = "gnu++14";
				CLANG_CXX_LIBRARY = "libc++";
				CLANG_ENABLE_MODULES = YES;
				CLANG_ENABLE_OBJC_ARC = YES;
				CLANG_ENABLE_OBJC_WEAK = YES;
				CLANG_WARN_BLOCK_CAPTURE_AUTORELEASING = YES;
				CLANG_WARN_BOOL_CONVERSION = YES;
				CLANG_WARN_COMMA = YES;
				CLANG_WARN_CONSTANT_CONVERSION = YES;
				CLANG_WARN_DEPRECATED_OBJC_IMPLEMENTATIONS = YES;
				CLANG_WARN_DIRECT_OBJC_ISA_USAGE = YES_ERROR;
				CLANG_WARN_DOCUMENTATION_COMMENTS = YES;
				CLANG_WARN_EMPTY_BODY = YES;
				CLANG_WARN_ENUM_CONVERSION = YES;
				CLANG_WARN_INFINITE_RECURSION = YES;
				CLANG_WARN_INT_CONVERSION = YES;
				CLANG_WARN_NON_LITERAL_NULL_CONVERSION = YES;
				CLANG_WARN_OBJC_IMPLICIT_RETAIN_SELF = YES;
				CLANG_WARN_OBJC_LITERAL_CONVERSION = YES;
				CLANG_WARN_OBJC_ROOT_CLASS = YES_ERROR;
				CLANG_WARN_RANGE_LOOP_ANALYSIS = YES;
				CLANG_WARN_STRICT_PROTOTYPES = YES;
				CLANG_WARN_SUSPICIOUS_MOVE = YES;
				CLANG_WARN_UNGUARDED_AVAILABILITY = YES_AGGRESSIVE;
				CLANG_WARN_UNREACHABLE_CODE = YES;
				CLANG_WARN__DUPLICATE_METHOD_MATCH = YES;
				CODE_SIGN_IDENTITY = "iPhone Developer";
				COPY_PHASE_STRIP = NO;
				DEBUG_INFORMATION_FORMAT = "dwarf-with-dsym";
				ENABLE_NS_ASSERTIONS = NO;
				ENABLE_STRICT_OBJC_MSGSEND = YES;
				GCC_C_LANGUAGE_STANDARD = gnu11;
				GCC_NO_COMMON_BLOCKS = YES;
				GCC_WARN_64_TO_32_BIT_CONVERSION = YES;
				GCC_WARN_ABOUT_RETURN_TYPE = YES_ERROR;
				GCC_WARN_UNDECLARED_SELECTOR = YES;
				GCC_WARN_UNINITIALIZED_AUTOS = YES_AGGRESSIVE;
				GCC_WARN_UNUSED_FUNCTION = YES;
				GCC_WARN_UNUSED_VARIABLE = YES;
				IPHONEOS_DEPLOYMENT_TARGET = 11.3;
				MTL_ENABLE_DEBUG_INFO = NO;
				SDKROOT = iphoneos;
				SWIFT_COMPILATION_MODE = wholemodule;
				SWIFT_OPTIMIZATION_LEVEL = "-O";
				VALIDATE_PRODUCT = YES;
			};
			name = Release;
		};
		A5B23FE321B1CF2900F7A064 /* Debug */ = {
			isa = XCBuildConfiguration;
			baseConfigurationReference = 571E4AC921BCF2C63DCD8386 /* Pods-ParkoPolo.debug.xcconfig */;
			buildSettings = {
				ASSETCATALOG_COMPILER_APPICON_NAME = AppIcon;
				CODE_SIGN_STYLE = Automatic;
				DEVELOPMENT_TEAM = LLVXH2X953;
				INFOPLIST_FILE = ParkoPolo/Info.plist;
				LD_RUNPATH_SEARCH_PATHS = (
					"$(inherited)",
					"@executable_path/Frameworks",
				);
				PRODUCT_BUNDLE_IDENTIFIER = com.FFP.ParkoPolo;
				PRODUCT_NAME = "$(TARGET_NAME)";
				SWIFT_VERSION = 4.0;
				TARGETED_DEVICE_FAMILY = 1;
			};
			name = Debug;
		};
		A5B23FE421B1CF2900F7A064 /* Release */ = {
			isa = XCBuildConfiguration;
			baseConfigurationReference = E8C9E79F8E270B593C293F8D /* Pods-ParkoPolo.release.xcconfig */;
			buildSettings = {
				ASSETCATALOG_COMPILER_APPICON_NAME = AppIcon;
				CODE_SIGN_STYLE = Automatic;
				DEVELOPMENT_TEAM = LLVXH2X953;
				INFOPLIST_FILE = ParkoPolo/Info.plist;
				LD_RUNPATH_SEARCH_PATHS = (
					"$(inherited)",
					"@executable_path/Frameworks",
				);
				PRODUCT_BUNDLE_IDENTIFIER = com.FFP.ParkoPolo;
				PRODUCT_NAME = "$(TARGET_NAME)";
				SWIFT_VERSION = 4.0;
				TARGETED_DEVICE_FAMILY = 1;
			};
			name = Release;
		};
		A5B23FE621B1CF2900F7A064 /* Debug */ = {
			isa = XCBuildConfiguration;
			buildSettings = {
				ALWAYS_EMBED_SWIFT_STANDARD_LIBRARIES = YES;
				BUNDLE_LOADER = "$(TEST_HOST)";
				CODE_SIGN_STYLE = Automatic;
				DEVELOPMENT_TEAM = LLVXH2X953;
				INFOPLIST_FILE = ParkoPoloTests/Info.plist;
				LD_RUNPATH_SEARCH_PATHS = (
					"$(inherited)",
					"@executable_path/Frameworks",
					"@loader_path/Frameworks",
				);
				PRODUCT_BUNDLE_IDENTIFIER = com.FFP.ParkoPoloTests;
				PRODUCT_NAME = "$(TARGET_NAME)";
				SWIFT_VERSION = 4.0;
				TARGETED_DEVICE_FAMILY = "1,2";
				TEST_HOST = "$(BUILT_PRODUCTS_DIR)/ParkoPolo.app/ParkoPolo";
			};
			name = Debug;
		};
		A5B23FE721B1CF2900F7A064 /* Release */ = {
			isa = XCBuildConfiguration;
			buildSettings = {
				ALWAYS_EMBED_SWIFT_STANDARD_LIBRARIES = YES;
				BUNDLE_LOADER = "$(TEST_HOST)";
				CODE_SIGN_STYLE = Automatic;
				DEVELOPMENT_TEAM = LLVXH2X953;
				INFOPLIST_FILE = ParkoPoloTests/Info.plist;
				LD_RUNPATH_SEARCH_PATHS = (
					"$(inherited)",
					"@executable_path/Frameworks",
					"@loader_path/Frameworks",
				);
				PRODUCT_BUNDLE_IDENTIFIER = com.FFP.ParkoPoloTests;
				PRODUCT_NAME = "$(TARGET_NAME)";
				SWIFT_VERSION = 4.0;
				TARGETED_DEVICE_FAMILY = "1,2";
				TEST_HOST = "$(BUILT_PRODUCTS_DIR)/ParkoPolo.app/ParkoPolo";
			};
			name = Release;
		};
		A5B23FE921B1CF2900F7A064 /* Debug */ = {
			isa = XCBuildConfiguration;
			buildSettings = {
				ALWAYS_EMBED_SWIFT_STANDARD_LIBRARIES = YES;
				CODE_SIGN_STYLE = Automatic;
				DEVELOPMENT_TEAM = LLVXH2X953;
				INFOPLIST_FILE = ParkoPoloUITests/Info.plist;
				LD_RUNPATH_SEARCH_PATHS = (
					"$(inherited)",
					"@executable_path/Frameworks",
					"@loader_path/Frameworks",
				);
				PRODUCT_BUNDLE_IDENTIFIER = com.FFP.ParkoPoloUITests;
				PRODUCT_NAME = "$(TARGET_NAME)";
				SWIFT_VERSION = 4.0;
				TARGETED_DEVICE_FAMILY = "1,2";
				TEST_TARGET_NAME = ParkoPolo;
			};
			name = Debug;
		};
		A5B23FEA21B1CF2900F7A064 /* Release */ = {
			isa = XCBuildConfiguration;
			buildSettings = {
				ALWAYS_EMBED_SWIFT_STANDARD_LIBRARIES = YES;
				CODE_SIGN_STYLE = Automatic;
				DEVELOPMENT_TEAM = LLVXH2X953;
				INFOPLIST_FILE = ParkoPoloUITests/Info.plist;
				LD_RUNPATH_SEARCH_PATHS = (
					"$(inherited)",
					"@executable_path/Frameworks",
					"@loader_path/Frameworks",
				);
				PRODUCT_BUNDLE_IDENTIFIER = com.FFP.ParkoPoloUITests;
				PRODUCT_NAME = "$(TARGET_NAME)";
				SWIFT_VERSION = 4.0;
				TARGETED_DEVICE_FAMILY = "1,2";
				TEST_TARGET_NAME = ParkoPolo;
			};
			name = Release;
		};
/* End XCBuildConfiguration section */

/* Begin XCConfigurationList section */
		A5B23FB521B1CF2700F7A064 /* Build configuration list for PBXProject "ParkoPolo" */ = {
			isa = XCConfigurationList;
			buildConfigurations = (
				A5B23FE021B1CF2900F7A064 /* Debug */,
				A5B23FE121B1CF2900F7A064 /* Release */,
			);
			defaultConfigurationIsVisible = 0;
			defaultConfigurationName = Release;
		};
		A5B23FE221B1CF2900F7A064 /* Build configuration list for PBXNativeTarget "ParkoPolo" */ = {
			isa = XCConfigurationList;
			buildConfigurations = (
				A5B23FE321B1CF2900F7A064 /* Debug */,
				A5B23FE421B1CF2900F7A064 /* Release */,
			);
			defaultConfigurationIsVisible = 0;
			defaultConfigurationName = Release;
		};
		A5B23FE521B1CF2900F7A064 /* Build configuration list for PBXNativeTarget "ParkoPoloTests" */ = {
			isa = XCConfigurationList;
			buildConfigurations = (
				A5B23FE621B1CF2900F7A064 /* Debug */,
				A5B23FE721B1CF2900F7A064 /* Release */,
			);
			defaultConfigurationIsVisible = 0;
			defaultConfigurationName = Release;
		};
		A5B23FE821B1CF2900F7A064 /* Build configuration list for PBXNativeTarget "ParkoPoloUITests" */ = {
			isa = XCConfigurationList;
			buildConfigurations = (
				A5B23FE921B1CF2900F7A064 /* Debug */,
				A5B23FEA21B1CF2900F7A064 /* Release */,
			);
			defaultConfigurationIsVisible = 0;
			defaultConfigurationName = Release;
		};
/* End XCConfigurationList section */
	};
	rootObject = A5B23FB221B1CF2700F7A064 /* Project object */;
}
